
Microsoft Visual Studio Solution File, Format Version 12.00
# Visual Studio Version 16
VisualStudioVersion = 16.0.31205.134
MinimumVisualStudioVersion = 10.0.40219.1
Project("{FAE04EC0-301F-11D3-BF4B-00C04F79EFBC}") = "Device.API", "Device.API\Device.API.csproj", "{854D16BA-54F1-4923-9967-2E15B51DD2BE}"
EndProject
Global
	GlobalSection(SolutionConfigurationPlatforms) = preSolution
		Debug|Any CPU = Debug|Any CPU
		Release|Any CPU = Release|Any CPU
	EndGlobalSection
	GlobalSection(ProjectConfigurationPlatforms) = postSolution
		{854D16BA-54F1-4923-9967-2E15B51DD2BE}.Debug|Any CPU.ActiveCfg = Debug|Any CPU
		{854D16BA-54F1-4923-9967-2E15B51DD2BE}.Debug|Any CPU.Build.0 = Debug|Any CPU
		{854D16BA-54F1-4923-9967-2E15B51DD2BE}.Release|Any CPU.ActiveCfg = Release|Any CPU
		{854D16BA-54F1-4923-9967-2E15B51DD2BE}.Release|Any CPU.Build.0 = Release|Any CPU
	EndGlobalSection
	GlobalSection(SolutionProperties) = preSolution
		HideSolutionNode = FALSE
	EndGlobalSection
	GlobalSection(ExtensibilityGlobals) = postSolution
		SolutionGuid = {5C862AF5-2915-4236-BB9F-98A690976884}
	EndGlobalSection
EndGlobal
